
Microsoft Visual Studio Solution File, Format Version 12.00
# Visual Studio Version 17
VisualStudioVersion = 17.3.32811.315
MinimumVisualStudioVersion = 10.0.40219.1
Project("{8BC9CEB8-8B4A-11D0-8D11-00A0C91BC942}") = "8.20_test.c", "8.20_test.c\8.20_test.c.vcxproj", "{13FD8FE2-F2ED-4D5F-962F-149205028E81}"
EndProject
Global
	GlobalSection(SolutionConfigurationPlatforms) = preSolution
		Debug|x64 = Debug|x64
		Debug|x86 = Debug|x86
		Release|x64 = Release|x64
		Release|x86 = Release|x86
	EndGlobalSection
	GlobalSection(ProjectConfigurationPlatforms) = postSolution
		{13FD8FE2-F2ED-4D5F-962F-149205028E81}.Debug|x64.ActiveCfg = Debug|x64
		{13FD8FE2-F2ED-4D5F-962F-149205028E81}.Debug|x64.Build.0 = Debug|x64
		{13FD8FE2-F2ED-4D5F-962F-149205028E81}.Debug|x86.ActiveCfg = Debug|Win32
		{13FD8FE2-F2ED-4D5F-962F-149205028E81}.Debug|x86.Build.0 = Debug|Win32
		{13FD8FE2-F2ED-4D5F-962F-149205028E81}.Release|x64.ActiveCfg = Release|x64
		{13FD8FE2-F2ED-4D5F-962F-149205028E81}.Release|x64.Build.0 = Release|x64
		{13FD8FE2-F2ED-4D5F-962F-149205028E81}.Release|x86.ActiveCfg = Release|Win32
		{13FD8FE2-F2ED-4D5F-962F-149205028E81}.Release|x86.Build.0 = Release|Win32
	EndGlobalSection
	GlobalSection(SolutionProperties) = preSolution
		HideSolutionNode = FALSE
	EndGlobalSection
	GlobalSection(ExtensibilityGlobals) = postSolution
		SolutionGuid = {4962B3DE-AE59-4012-BEF0-1747568B0909}
	EndGlobalSection
EndGlobal
